
Microsoft Visual Studio Solution File, Format Version 12.00
# Visual Studio Version 17
VisualStudioVersion = 17.5.001.0
MinimumVisualStudioVersion = 10.0.40219.1
Project("{9A19103F-16F7-4668-BE54-9A1E7A4F7556}") = "ciencia", "ciencia.csproj", "{19A00F83-8147-4CB5-89F3-6BB38AFBE4FF}"
EndProject
Global
	GlobalSection(SolutionConfigurationPlatforms) = preSolution
		Debug|Any CPU = Debug|Any CPU
		Release|Any CPU = Release|Any CPU
	EndGlobalSection
	GlobalSection(ProjectConfigurationPlatforms) = postSolution
		{19A00F83-8147-4CB5-89F3-6BB38AFBE4FF}.Debug|Any CPU.ActiveCfg = Debug|Any CPU
		{19A00F83-8147-4CB5-89F3-6BB38AFBE4FF}.Debug|Any CPU.Build.0 = Debug|Any CPU
		{19A00F83-8147-4CB5-89F3-6BB38AFBE4FF}.Release|Any CPU.ActiveCfg = Release|Any CPU
		{19A00F83-8147-4CB5-89F3-6BB38AFBE4FF}.Release|Any CPU.Build.0 = Release|Any CPU
	EndGlobalSection
	GlobalSection(SolutionProperties) = preSolution
		HideSolutionNode = FALSE
	EndGlobalSection
	GlobalSection(ExtensibilityGlobals) = postSolution
		SolutionGuid = {2159C588-A095-495E-9C74-21B507B45AF4}
	EndGlobalSection
EndGlobal
